
Microsoft Visual Studio Solution File, Format Version 12.00
# Visual Studio Version 16
VisualStudioVersion = 16.0.29728.190
MinimumVisualStudioVersion = 10.0.40219.1
Project("{2150E333-8FDC-42A3-9474-1A3956D46DE8}") = "Services", "Services", "{0A1E2FB7-BF0C-4364-857D-E9316D0A5AAB}"
EndProject
Project("{2150E333-8FDC-42A3-9474-1A3956D46DE8}") = "WebApps", "WebApps", "{76C87489-191F-4C33-9468-85215FAF7109}"
EndProject
Project("{2150E333-8FDC-42A3-9474-1A3956D46DE8}") = "Cadastros", "Cadastros", "{1E3D71E7-AEE4-4F11-9A4C-5FCAF687DA0D}"
EndProject
Project("{2150E333-8FDC-42A3-9474-1A3956D46DE8}") = "Catalogo", "Catalogo", "{47634F37-662B-4903-90BE-CF679334802C}"
EndProject
Project("{2150E333-8FDC-42A3-9474-1A3956D46DE8}") = "Core", "Core", "{3B87219B-499C-40D8-ACFC-663079A9207C}"
EndProject
Project("{2150E333-8FDC-42A3-9474-1A3956D46DE8}") = "Fiscal", "Fiscal", "{B7FDB258-FB16-4F0B-BC91-5BE2FF8D6AD2}"
EndProject
Project("{2150E333-8FDC-42A3-9474-1A3956D46DE8}") = "Pagamentos", "Pagamentos", "{792154C4-2194-49AA-AF43-0072EF6F25B6}"
EndProject
Project("{2150E333-8FDC-42A3-9474-1A3956D46DE8}") = "Vendas", "Vendas", "{FEE87BA2-A31F-4578-9088-271963A2D721}"
EndProject
Project("{2150E333-8FDC-42A3-9474-1A3956D46DE8}") = "Tests", "Tests", "{C62AEB5B-52F2-4CA6-85AC-BA7FD5D11EF7}"
EndProject
Project("{FAE04EC0-301F-11D3-BF4B-00C04F79EFBC}") = "NerdStore.Catalogo.Domain.Tests", "tests\NerdStore.Catalogo.Domain.Tests\NerdStore.Catalogo.Domain.Tests.csproj", "{CF74673A-4D00-477E-8997-B61203A362E8}"
EndProject
Project("{FAE04EC0-301F-11D3-BF4B-00C04F79EFBC}") = "NerdStore.Catalogo.Data", "src\NerdStore.Catalogo.Data\NerdStore.Catalogo.Data.csproj", "{128F8C22-522F-400B-A02F-C8D90B64F68F}"
EndProject
Project("{9A19103F-16F7-4668-BE54-9A1E7A4F7556}") = "NerdStore.Catalogo.Domain", "src\NerdStore.Catalogo.Domain\NerdStore.Catalogo.Domain.csproj", "{8B1D8661-D4E7-4998-A2CE-15DE6A445745}"
EndProject
Project("{9A19103F-16F7-4668-BE54-9A1E7A4F7556}") = "NerdStore.Core", "src\NerdStore.Core\NerdStore.Core.csproj", "{BAEDA9BB-0877-4654-8F34-A257FF825BDF}"
EndProject
Global
	GlobalSection(SolutionConfigurationPlatforms) = preSolution
		Debug|Any CPU = Debug|Any CPU
		Release|Any CPU = Release|Any CPU
	EndGlobalSection
	GlobalSection(ProjectConfigurationPlatforms) = postSolution
		{CF74673A-4D00-477E-8997-B61203A362E8}.Debug|Any CPU.ActiveCfg = Debug|Any CPU
		{CF74673A-4D00-477E-8997-B61203A362E8}.Debug|Any CPU.Build.0 = Debug|Any CPU
		{CF74673A-4D00-477E-8997-B61203A362E8}.Release|Any CPU.ActiveCfg = Release|Any CPU
		{CF74673A-4D00-477E-8997-B61203A362E8}.Release|Any CPU.Build.0 = Release|Any CPU
		{128F8C22-522F-400B-A02F-C8D90B64F68F}.Debug|Any CPU.ActiveCfg = Debug|Any CPU
		{128F8C22-522F-400B-A02F-C8D90B64F68F}.Debug|Any CPU.Build.0 = Debug|Any CPU
		{128F8C22-522F-400B-A02F-C8D90B64F68F}.Release|Any CPU.ActiveCfg = Release|Any CPU
		{128F8C22-522F-400B-A02F-C8D90B64F68F}.Release|Any CPU.Build.0 = Release|Any CPU
		{8B1D8661-D4E7-4998-A2CE-15DE6A445745}.Debug|Any CPU.ActiveCfg = Debug|Any CPU
		{8B1D8661-D4E7-4998-A2CE-15DE6A445745}.Debug|Any CPU.Build.0 = Debug|Any CPU
		{8B1D8661-D4E7-4998-A2CE-15DE6A445745}.Release|Any CPU.ActiveCfg = Release|Any CPU
		{8B1D8661-D4E7-4998-A2CE-15DE6A445745}.Release|Any CPU.Build.0 = Release|Any CPU
		{BAEDA9BB-0877-4654-8F34-A257FF825BDF}.Debug|Any CPU.ActiveCfg = Debug|Any CPU
		{BAEDA9BB-0877-4654-8F34-A257FF825BDF}.Debug|Any CPU.Build.0 = Debug|Any CPU
		{BAEDA9BB-0877-4654-8F34-A257FF825BDF}.Release|Any CPU.ActiveCfg = Release|Any CPU
		{BAEDA9BB-0877-4654-8F34-A257FF825BDF}.Release|Any CPU.Build.0 = Release|Any CPU
	EndGlobalSection
	GlobalSection(SolutionProperties) = preSolution
		HideSolutionNode = FALSE
	EndGlobalSection
	GlobalSection(NestedProjects) = preSolution
		{1E3D71E7-AEE4-4F11-9A4C-5FCAF687DA0D} = {0A1E2FB7-BF0C-4364-857D-E9316D0A5AAB}
		{47634F37-662B-4903-90BE-CF679334802C} = {0A1E2FB7-BF0C-4364-857D-E9316D0A5AAB}
		{3B87219B-499C-40D8-ACFC-663079A9207C} = {0A1E2FB7-BF0C-4364-857D-E9316D0A5AAB}
		{B7FDB258-FB16-4F0B-BC91-5BE2FF8D6AD2} = {0A1E2FB7-BF0C-4364-857D-E9316D0A5AAB}
		{792154C4-2194-49AA-AF43-0072EF6F25B6} = {0A1E2FB7-BF0C-4364-857D-E9316D0A5AAB}
		{FEE87BA2-A31F-4578-9088-271963A2D721} = {0A1E2FB7-BF0C-4364-857D-E9316D0A5AAB}
		{C62AEB5B-52F2-4CA6-85AC-BA7FD5D11EF7} = {47634F37-662B-4903-90BE-CF679334802C}
		{CF74673A-4D00-477E-8997-B61203A362E8} = {C62AEB5B-52F2-4CA6-85AC-BA7FD5D11EF7}
		{128F8C22-522F-400B-A02F-C8D90B64F68F} = {47634F37-662B-4903-90BE-CF679334802C}
		{8B1D8661-D4E7-4998-A2CE-15DE6A445745} = {47634F37-662B-4903-90BE-CF679334802C}
		{BAEDA9BB-0877-4654-8F34-A257FF825BDF} = {3B87219B-499C-40D8-ACFC-663079A9207C}
	EndGlobalSection
	GlobalSection(ExtensibilityGlobals) = postSolution
		SolutionGuid = {2C6E2C06-BC9E-4327-918E-0A5E570C204B}
	EndGlobalSection
EndGlobal
