
Microsoft Visual Studio Solution File, Format Version 12.00
# Visual Studio Version 16
VisualStudioVersion = 16.0.29728.190
MinimumVisualStudioVersion = 10.0.40219.1
Project("{2150E333-8FDC-42A3-9474-1A3956D46DE8}") = "Services", "Services", "{0A1E2FB7-BF0C-4364-857D-E9316D0A5AAB}"
EndProject
Project("{2150E333-8FDC-42A3-9474-1A3956D46DE8}") = "WebApps", "WebApps", "{76C87489-191F-4C33-9468-85215FAF7109}"
EndProject
Project("{2150E333-8FDC-42A3-9474-1A3956D46DE8}") = "Cadastros", "Cadastros", "{1E3D71E7-AEE4-4F11-9A4C-5FCAF687DA0D}"
EndProject
Project("{2150E333-8FDC-42A3-9474-1A3956D46DE8}") = "Catalogo", "Catalogo", "{47634F37-662B-4903-90BE-CF679334802C}"
EndProject
Project("{2150E333-8FDC-42A3-9474-1A3956D46DE8}") = "Core", "Core", "{3B87219B-499C-40D8-ACFC-663079A9207C}"
EndProject
Project("{2150E333-8FDC-42A3-9474-1A3956D46DE8}") = "Fiscal", "Fiscal", "{B7FDB258-FB16-4F0B-BC91-5BE2FF8D6AD2}"
EndProject
Project("{2150E333-8FDC-42A3-9474-1A3956D46DE8}") = "Pagamentos", "Pagamentos", "{792154C4-2194-49AA-AF43-0072EF6F25B6}"
EndProject
Project("{2150E333-8FDC-42A3-9474-1A3956D46DE8}") = "Vendas", "Vendas", "{FEE87BA2-A31F-4578-9088-271963A2D721}"
EndProject
Project("{FAE04EC0-301F-11D3-BF4B-00C04F79EFBC}") = "NerdStore.Catalogo.Domain", "NerdStore.Catalogo.Domain\NerdStore.Catalogo.Domain.csproj", "{2681C547-4818-4BB5-B9F4-D834B50C9922}"
EndProject
Project("{FAE04EC0-301F-11D3-BF4B-00C04F79EFBC}") = "NerdStore.Core", "NerdStore.Core\NerdStore.Core.csproj", "{F20EE6C3-5A10-4B56-A497-728F47DBFED4}"
EndProject
Global
	GlobalSection(SolutionConfigurationPlatforms) = preSolution
		Debug|Any CPU = Debug|Any CPU
		Release|Any CPU = Release|Any CPU
	EndGlobalSection
	GlobalSection(ProjectConfigurationPlatforms) = postSolution
		{2681C547-4818-4BB5-B9F4-D834B50C9922}.Debug|Any CPU.ActiveCfg = Debug|Any CPU
		{2681C547-4818-4BB5-B9F4-D834B50C9922}.Debug|Any CPU.Build.0 = Debug|Any CPU
		{2681C547-4818-4BB5-B9F4-D834B50C9922}.Release|Any CPU.ActiveCfg = Release|Any CPU
		{2681C547-4818-4BB5-B9F4-D834B50C9922}.Release|Any CPU.Build.0 = Release|Any CPU
		{F20EE6C3-5A10-4B56-A497-728F47DBFED4}.Debug|Any CPU.ActiveCfg = Debug|Any CPU
		{F20EE6C3-5A10-4B56-A497-728F47DBFED4}.Debug|Any CPU.Build.0 = Debug|Any CPU
		{F20EE6C3-5A10-4B56-A497-728F47DBFED4}.Release|Any CPU.ActiveCfg = Release|Any CPU
		{F20EE6C3-5A10-4B56-A497-728F47DBFED4}.Release|Any CPU.Build.0 = Release|Any CPU
	EndGlobalSection
	GlobalSection(SolutionProperties) = preSolution
		HideSolutionNode = FALSE
	EndGlobalSection
	GlobalSection(NestedProjects) = preSolution
		{1E3D71E7-AEE4-4F11-9A4C-5FCAF687DA0D} = {0A1E2FB7-BF0C-4364-857D-E9316D0A5AAB}
		{47634F37-662B-4903-90BE-CF679334802C} = {0A1E2FB7-BF0C-4364-857D-E9316D0A5AAB}
		{3B87219B-499C-40D8-ACFC-663079A9207C} = {0A1E2FB7-BF0C-4364-857D-E9316D0A5AAB}
		{B7FDB258-FB16-4F0B-BC91-5BE2FF8D6AD2} = {0A1E2FB7-BF0C-4364-857D-E9316D0A5AAB}
		{792154C4-2194-49AA-AF43-0072EF6F25B6} = {0A1E2FB7-BF0C-4364-857D-E9316D0A5AAB}
		{FEE87BA2-A31F-4578-9088-271963A2D721} = {0A1E2FB7-BF0C-4364-857D-E9316D0A5AAB}
		{2681C547-4818-4BB5-B9F4-D834B50C9922} = {47634F37-662B-4903-90BE-CF679334802C}
		{F20EE6C3-5A10-4B56-A497-728F47DBFED4} = {3B87219B-499C-40D8-ACFC-663079A9207C}
	EndGlobalSection
	GlobalSection(ExtensibilityGlobals) = postSolution
		SolutionGuid = {2C6E2C06-BC9E-4327-918E-0A5E570C204B}
	EndGlobalSection
EndGlobal
